
Microsoft Visual Studio Solution File, Format Version 12.00
# Visual Studio Version 17
VisualStudioVersion = 17.11.35327.3
MinimumVisualStudioVersion = 10.0.40219.1
Project("{FAE04EC0-301F-11D3-BF4B-00C04F79EFBC}") = "WASM_Weather_Server", "WASM_Weather_Server.csproj", "{4E444206-B1F0-4435-988D-0A4EF28A9813}"
EndProject
Global
	GlobalSection(SolutionConfigurationPlatforms) = preSolution
		Debug|Any CPU = Debug|Any CPU
		Release|Any CPU = Release|Any CPU
	EndGlobalSection
	GlobalSection(ProjectConfigurationPlatforms) = postSolution
		{4E444206-B1F0-4435-988D-0A4EF28A9813}.Debug|Any CPU.ActiveCfg = Debug|Any CPU
		{4E444206-B1F0-4435-988D-0A4EF28A9813}.Debug|Any CPU.Build.0 = Debug|Any CPU
		{4E444206-B1F0-4435-988D-0A4EF28A9813}.Release|Any CPU.ActiveCfg = Release|Any CPU
		{4E444206-B1F0-4435-988D-0A4EF28A9813}.Release|Any CPU.Build.0 = Release|Any CPU
	EndGlobalSection
	GlobalSection(SolutionProperties) = preSolution
		HideSolutionNode = FALSE
	EndGlobalSection
	GlobalSection(ExtensibilityGlobals) = postSolution
		SolutionGuid = {8302B6EB-0B42-4703-A32D-C2944AED27EA}
	EndGlobalSection
EndGlobal
